# THIS IS AN AUTOGENERATED FILE. DO NOT EDIT THIS FILE DIRECTLY.
# yarn lockfile v1


quasar@^1.14.7:
  version "1.14.7"
  resolved "https://registry.yarnpkg.com/quasar/-/quasar-1.14.7.tgz#63475a6550bf70a99298ac531bb36e7ac1116d15"
  integrity sha512-AP++F9xNEmzdK4zEjYBgEF0lifg3LBIrE24weUyQqS/jNQ22YT1cGyqDzWrfScaGLmRdm27R6eWLsbT4Qnh3Pg==
